
Microsoft Visual Studio Solution File, Format Version 12.00
# Visual Studio Version 16
VisualStudioVersion = 16.0.30804.86
MinimumVisualStudioVersion = 10.0.40219.1
Project("{9A19103F-16F7-4668-BE54-9A1E7A4F7556}") = "Task_1", "Task_1\Task_1.csproj", "{FE281BDC-C3F0-4443-AB87-73E63289CE5D}"
EndProject
Project("{9A19103F-16F7-4668-BE54-9A1E7A4F7556}") = "Task_2", "Task_2\Task_2.csproj", "{E62F385A-CA74-4223-97FA-814F0D5EB263}"
EndProject
Project("{FAE04EC0-301F-11D3-BF4B-00C04F79EFBC}") = "Task_3", "Task_3\Task_3.csproj", "{C2E401FD-52F7-4878-A682-E5331CC33FD5}"
EndProject
Global
	GlobalSection(SolutionConfigurationPlatforms) = preSolution
		Debug|Any CPU = Debug|Any CPU
		Release|Any CPU = Release|Any CPU
	EndGlobalSection
	GlobalSection(ProjectConfigurationPlatforms) = postSolution
		{FE281BDC-C3F0-4443-AB87-73E63289CE5D}.Debug|Any CPU.ActiveCfg = Debug|Any CPU
		{FE281BDC-C3F0-4443-AB87-73E63289CE5D}.Debug|Any CPU.Build.0 = Debug|Any CPU
		{FE281BDC-C3F0-4443-AB87-73E63289CE5D}.Release|Any CPU.ActiveCfg = Release|Any CPU
		{FE281BDC-C3F0-4443-AB87-73E63289CE5D}.Release|Any CPU.Build.0 = Release|Any CPU
		{E62F385A-CA74-4223-97FA-814F0D5EB263}.Debug|Any CPU.ActiveCfg = Debug|Any CPU
		{E62F385A-CA74-4223-97FA-814F0D5EB263}.Debug|Any CPU.Build.0 = Debug|Any CPU
		{E62F385A-CA74-4223-97FA-814F0D5EB263}.Release|Any CPU.ActiveCfg = Release|Any CPU
		{E62F385A-CA74-4223-97FA-814F0D5EB263}.Release|Any CPU.Build.0 = Release|Any CPU
		{C2E401FD-52F7-4878-A682-E5331CC33FD5}.Debug|Any CPU.ActiveCfg = Debug|Any CPU
		{C2E401FD-52F7-4878-A682-E5331CC33FD5}.Debug|Any CPU.Build.0 = Debug|Any CPU
		{C2E401FD-52F7-4878-A682-E5331CC33FD5}.Release|Any CPU.ActiveCfg = Release|Any CPU
		{C2E401FD-52F7-4878-A682-E5331CC33FD5}.Release|Any CPU.Build.0 = Release|Any CPU
	EndGlobalSection
	GlobalSection(SolutionProperties) = preSolution
		HideSolutionNode = FALSE
	EndGlobalSection
	GlobalSection(ExtensibilityGlobals) = postSolution
		SolutionGuid = {6AE5A06D-F6A8-4641-B003-672D75881A57}
	EndGlobalSection
EndGlobal
